
Microsoft Visual Studio Solution File, Format Version 12.00
# Visual Studio Version 16
VisualStudioVersion = 16.0.28516.95
MinimumVisualStudioVersion = 10.0.40219.1
Project("{FAE04EC0-301F-11D3-BF4B-00C04F79EFBC}") = "Demo", "Demo\Demo.csproj", "{93BC814C-0AAB-4DFB-9E5F-7EA440037F9F}"
EndProject
Project("{FAE04EC0-301F-11D3-BF4B-00C04F79EFBC}") = "WordDiff", "..\WordDiff\WordDiff.csproj", "{81CE5CA2-1595-4CB9-A59F-BC110AB118B0}"
EndProject
Global
	GlobalSection(SolutionConfigurationPlatforms) = preSolution
		Debug|Any CPU = Debug|Any CPU
		Release|Any CPU = Release|Any CPU
	EndGlobalSection
	GlobalSection(ProjectConfigurationPlatforms) = postSolution
		{93BC814C-0AAB-4DFB-9E5F-7EA440037F9F}.Debug|Any CPU.ActiveCfg = Debug|Any CPU
		{93BC814C-0AAB-4DFB-9E5F-7EA440037F9F}.Debug|Any CPU.Build.0 = Debug|Any CPU
		{93BC814C-0AAB-4DFB-9E5F-7EA440037F9F}.Release|Any CPU.ActiveCfg = Release|Any CPU
		{93BC814C-0AAB-4DFB-9E5F-7EA440037F9F}.Release|Any CPU.Build.0 = Release|Any CPU
		{81CE5CA2-1595-4CB9-A59F-BC110AB118B0}.Debug|Any CPU.ActiveCfg = Debug|Any CPU
		{81CE5CA2-1595-4CB9-A59F-BC110AB118B0}.Debug|Any CPU.Build.0 = Debug|Any CPU
		{81CE5CA2-1595-4CB9-A59F-BC110AB118B0}.Release|Any CPU.ActiveCfg = Release|Any CPU
		{81CE5CA2-1595-4CB9-A59F-BC110AB118B0}.Release|Any CPU.Build.0 = Release|Any CPU
	EndGlobalSection
	GlobalSection(SolutionProperties) = preSolution
		HideSolutionNode = FALSE
	EndGlobalSection
	GlobalSection(ExtensibilityGlobals) = postSolution
		SolutionGuid = {21A01E9A-3B73-48F0-A0EB-88F5E74FFD39}
	EndGlobalSection
EndGlobal
